// !$*UTF8*$!
{
	archiveVersion = 1;
	classes = {
	};
	objectVersion = 56;
	objects = {

/* Begin PBXBuildFile section */
		061C41AF2CC188E400917D55 /* InstagranCloneApp.swift in Sources */ = {isa = PBXBuildFile; fileRef = 061C41AE2CC188E400917D55 /* InstagranCloneApp.swift */; };
		061C41B12CC188E400917D55 /* ContentView.swift in Sources */ = {isa = PBXBuildFile; fileRef = 061C41B02CC188E400917D55 /* ContentView.swift */; };
		061C41B32CC188E600917D55 /* Assets.xcassets in Resources */ = {isa = PBXBuildFile; fileRef = 061C41B22CC188E600917D55 /* Assets.xcassets */; };
		061C41B62CC188E600917D55 /* Preview Assets.xcassets in Resources */ = {isa = PBXBuildFile; fileRef = 061C41B52CC188E600917D55 /* Preview Assets.xcassets */; };
		061C41BE2CC199DF00917D55 /* UserModel.swift in Sources */ = {isa = PBXBuildFile; fileRef = 061C41BD2CC199DF00917D55 /* UserModel.swift */; };
		061C41C12CC19BE100917D55 /* ViewModel.swift in Sources */ = {isa = PBXBuildFile; fileRef = 061C41C02CC19BE100917D55 /* ViewModel.swift */; };
		061C41C42CC1A33300917D55 /* IconButton.swift in Sources */ = {isa = PBXBuildFile; fileRef = 061C41C32CC1A33300917D55 /* IconButton.swift */; };
		061C41C62CC1A5DE00917D55 /* InstagramToolbar.swift in Sources */ = {isa = PBXBuildFile; fileRef = 061C41C52CC1A5DE00917D55 /* InstagramToolbar.swift */; };
		061C41C82CC1A8D300917D55 /* StoryView.swift in Sources */ = {isa = PBXBuildFile; fileRef = 061C41C72CC1A8D300917D55 /* StoryView.swift */; };
		061C41CB2CC1B09200917D55 /* LiveTag.swift in Sources */ = {isa = PBXBuildFile; fileRef = 061C41CA2CC1B09200917D55 /* LiveTag.swift */; };
		061C41CD2CC1BE4800917D55 /* StoryList.swift in Sources */ = {isa = PBXBuildFile; fileRef = 061C41CC2CC1BE4800917D55 /* StoryList.swift */; };
		061C41CF2CC1BF2900917D55 /* LineView.swift in Sources */ = {isa = PBXBuildFile; fileRef = 061C41CE2CC1BF2800917D55 /* LineView.swift */; };
		061C41D32CC1C7E100917D55 /* PostView.swift in Sources */ = {isa = PBXBuildFile; fileRef = 061C41D22CC1C7E000917D55 /* PostView.swift */; };
		061C41D52CC1CBCB00917D55 /* PostHeader.swift in Sources */ = {isa = PBXBuildFile; fileRef = 061C41D42CC1CBCB00917D55 /* PostHeader.swift */; };
		061C41D72CC1CD4400917D55 /* ActionsIcons.swift in Sources */ = {isa = PBXBuildFile; fileRef = 061C41D62CC1CD4400917D55 /* ActionsIcons.swift */; };
/* End PBXBuildFile section */

/* Begin PBXFileReference section */
		061C41AB2CC188E400917D55 /* InstagranClone.app */ = {isa = PBXFileReference; explicitFileType = wrapper.application; includeInIndex = 0; path = InstagranClone.app; sourceTree = BUILT_PRODUCTS_DIR; };
		061C41AE2CC188E400917D55 /* InstagranCloneApp.swift */ = {isa = PBXFileReference; lastKnownFileType = sourcecode.swift; path = InstagranCloneApp.swift; sourceTree = "<group>"; };
		061C41B02CC188E400917D55 /* ContentView.swift */ = {isa = PBXFileReference; lastKnownFileType = sourcecode.swift; path = ContentView.swift; sourceTree = "<group>"; };
		061C41B22CC188E600917D55 /* Assets.xcassets */ = {isa = PBXFileReference; lastKnownFileType = folder.assetcatalog; path = Assets.xcassets; sourceTree = "<group>"; };
		061C41B52CC188E600917D55 /* Preview Assets.xcassets */ = {isa = PBXFileReference; lastKnownFileType = folder.assetcatalog; path = "Preview Assets.xcassets"; sourceTree = "<group>"; };
		061C41BD2CC199DF00917D55 /* UserModel.swift */ = {isa = PBXFileReference; lastKnownFileType = sourcecode.swift; path = UserModel.swift; sourceTree = "<group>"; };
		061C41C02CC19BE100917D55 /* ViewModel.swift */ = {isa = PBXFileReference; lastKnownFileType = sourcecode.swift; path = ViewModel.swift; sourceTree = "<group>"; };
		061C41C32CC1A33300917D55 /* IconButton.swift */ = {isa = PBXFileReference; lastKnownFileType = sourcecode.swift; path = IconButton.swift; sourceTree = "<group>"; };
		061C41C52CC1A5DE00917D55 /* InstagramToolbar.swift */ = {isa = PBXFileReference; lastKnownFileType = sourcecode.swift; path = InstagramToolbar.swift; sourceTree = "<group>"; };
		061C41C72CC1A8D300917D55 /* StoryView.swift */ = {isa = PBXFileReference; lastKnownFileType = sourcecode.swift; path = StoryView.swift; sourceTree = "<group>"; };
		061C41CA2CC1B09200917D55 /* LiveTag.swift */ = {isa = PBXFileReference; lastKnownFileType = sourcecode.swift; path = LiveTag.swift; sourceTree = "<group>"; };
		061C41CC2CC1BE4800917D55 /* StoryList.swift */ = {isa = PBXFileReference; lastKnownFileType = sourcecode.swift; path = StoryList.swift; sourceTree = "<group>"; };
		061C41CE2CC1BF2800917D55 /* LineView.swift */ = {isa = PBXFileReference; lastKnownFileType = sourcecode.swift; path = LineView.swift; sourceTree = "<group>"; };
		061C41D22CC1C7E000917D55 /* PostView.swift */ = {isa = PBXFileReference; lastKnownFileType = sourcecode.swift; path = PostView.swift; sourceTree = "<group>"; };
		061C41D42CC1CBCB00917D55 /* PostHeader.swift */ = {isa = PBXFileReference; lastKnownFileType = sourcecode.swift; path = PostHeader.swift; sourceTree = "<group>"; };
		061C41D62CC1CD4400917D55 /* ActionsIcons.swift */ = {isa = PBXFileReference; lastKnownFileType = sourcecode.swift; path = ActionsIcons.swift; sourceTree = "<group>"; };
/* End PBXFileReference section */

/* Begin PBXFrameworksBuildPhase section */
		061C41A82CC188E400917D55 /* Frameworks */ = {
			isa = PBXFrameworksBuildPhase;
			buildActionMask = 2147483647;
			files = (
			);
			runOnlyForDeploymentPostprocessing = 0;
		};
/* End PBXFrameworksBuildPhase section */

/* Begin PBXGroup section */
		061C41A22CC188E400917D55 = {
			isa = PBXGroup;
			children = (
				061C41AD2CC188E400917D55 /* InstagranClone */,
				061C41AC2CC188E400917D55 /* Products */,
			);
			sourceTree = "<group>";
		};
		061C41AC2CC188E400917D55 /* Products */ = {
			isa = PBXGroup;
			children = (
				061C41AB2CC188E400917D55 /* InstagranClone.app */,
			);
			name = Products;
			sourceTree = "<group>";
		};
		061C41AD2CC188E400917D55 /* InstagranClone */ = {
			isa = PBXGroup;
			children = (
				061C41C92CC1A8F200917D55 /* View */,
				061C41C22CC1A2FD00917D55 /* Components */,
				061C41BF2CC19BD000917D55 /* ViewModel */,
				061C41BC2CC199D300917D55 /* Model */,
				061C41AE2CC188E400917D55 /* InstagranCloneApp.swift */,
				061C41B02CC188E400917D55 /* ContentView.swift */,
				061C41B22CC188E600917D55 /* Assets.xcassets */,
				061C41B42CC188E600917D55 /* Preview Content */,
			);
			path = InstagranClone;
			sourceTree = "<group>";
		};
		061C41B42CC188E600917D55 /* Preview Content */ = {
			isa = PBXGroup;
			children = (
				061C41B52CC188E600917D55 /* Preview Assets.xcassets */,
			);
			path = "Preview Content";
			sourceTree = "<group>";
		};
		061C41BC2CC199D300917D55 /* Model */ = {
			isa = PBXGroup;
			children = (
				061C41BD2CC199DF00917D55 /* UserModel.swift */,
			);
			path = Model;
			sourceTree = "<group>";
		};
		061C41BF2CC19BD000917D55 /* ViewModel */ = {
			isa = PBXGroup;
			children = (
				061C41C02CC19BE100917D55 /* ViewModel.swift */,
			);
			path = ViewModel;
			sourceTree = "<group>";
		};
		061C41C22CC1A2FD00917D55 /* Components */ = {
			isa = PBXGroup;
			children = (
				061C41C32CC1A33300917D55 /* IconButton.swift */,
				061C41C52CC1A5DE00917D55 /* InstagramToolbar.swift */,
				061C41CA2CC1B09200917D55 /* LiveTag.swift */,
				061C41CE2CC1BF2800917D55 /* LineView.swift */,
			);
			path = Components;
			sourceTree = "<group>";
		};
		061C41C92CC1A8F200917D55 /* View */ = {
			isa = PBXGroup;
			children = (
				061C41D12CC1C7C500917D55 /* Post */,
				061C41D02CC1C7B800917D55 /* Story */,
			);
			path = View;
			sourceTree = "<group>";
		};
		061C41D02CC1C7B800917D55 /* Story */ = {
			isa = PBXGroup;
			children = (
				061C41C72CC1A8D300917D55 /* StoryView.swift */,
				061C41CC2CC1BE4800917D55 /* StoryList.swift */,
			);
			path = Story;
			sourceTree = "<group>";
		};
		061C41D12CC1C7C500917D55 /* Post */ = {
			isa = PBXGroup;
			children = (
				061C41D22CC1C7E000917D55 /* PostView.swift */,
				061C41D42CC1CBCB00917D55 /* PostHeader.swift */,
				061C41D62CC1CD4400917D55 /* ActionsIcons.swift */,
			);
			path = Post;
			sourceTree = "<group>";
		};
/* End PBXGroup section */

/* Begin PBXNativeTarget section */
		061C41AA2CC188E400917D55 /* InstagranClone */ = {
			isa = PBXNativeTarget;
			buildConfigurationList = 061C41B92CC188E600917D55 /* Build configuration list for PBXNativeTarget "InstagranClone" */;
			buildPhases = (
				061C41A72CC188E400917D55 /* Sources */,
				061C41A82CC188E400917D55 /* Frameworks */,
				061C41A92CC188E400917D55 /* Resources */,
			);
			buildRules = (
			);
			dependencies = (
			);
			name = InstagranClone;
			productName = InstagranClone;
			productReference = 061C41AB2CC188E400917D55 /* InstagranClone.app */;
			productType = "com.apple.product-type.application";
		};
/* End PBXNativeTarget section */

/* Begin PBXProject section */
		061C41A32CC188E400917D55 /* Project object */ = {
			isa = PBXProject;
			attributes = {
				BuildIndependentTargetsInParallel = 1;
				LastSwiftUpdateCheck = 1540;
				LastUpgradeCheck = 1540;
				TargetAttributes = {
					061C41AA2CC188E400917D55 = {
						CreatedOnToolsVersion = 15.4;
					};
				};
			};
			buildConfigurationList = 061C41A62CC188E400917D55 /* Build configuration list for PBXProject "InstagranClone" */;
			compatibilityVersion = "Xcode 14.0";
			developmentRegion = en;
			hasScannedForEncodings = 0;
			knownRegions = (
				en,
				Base,
			);
			mainGroup = 061C41A22CC188E400917D55;
			productRefGroup = 061C41AC2CC188E400917D55 /* Products */;
			projectDirPath = "";
			projectRoot = "";
			targets = (
				061C41AA2CC188E400917D55 /* InstagranClone */,
			);
		};
/* End PBXProject section */

/* Begin PBXResourcesBuildPhase section */
		061C41A92CC188E400917D55 /* Resources */ = {
			isa = PBXResourcesBuildPhase;
			buildActionMask = 2147483647;
			files = (
				061C41B62CC188E600917D55 /* Preview Assets.xcassets in Resources */,
				061C41B32CC188E600917D55 /* Assets.xcassets in Resources */,
			);
			runOnlyForDeploymentPostprocessing = 0;
		};
/* End PBXResourcesBuildPhase section */

/* Begin PBXSourcesBuildPhase section */
		061C41A72CC188E400917D55 /* Sources */ = {
			isa = PBXSourcesBuildPhase;
			buildActionMask = 2147483647;
			files = (
				061C41B12CC188E400917D55 /* ContentView.swift in Sources */,
				061C41C82CC1A8D300917D55 /* StoryView.swift in Sources */,
				061C41D52CC1CBCB00917D55 /* PostHeader.swift in Sources */,
				061C41BE2CC199DF00917D55 /* UserModel.swift in Sources */,
				061C41CD2CC1BE4800917D55 /* StoryList.swift in Sources */,
				061C41C12CC19BE100917D55 /* ViewModel.swift in Sources */,
				061C41CB2CC1B09200917D55 /* LiveTag.swift in Sources */,
				061C41C42CC1A33300917D55 /* IconButton.swift in Sources */,
				061C41C62CC1A5DE00917D55 /* InstagramToolbar.swift in Sources */,
				061C41CF2CC1BF2900917D55 /* LineView.swift in Sources */,
				061C41AF2CC188E400917D55 /* InstagranCloneApp.swift in Sources */,
				061C41D32CC1C7E100917D55 /* PostView.swift in Sources */,
				061C41D72CC1CD4400917D55 /* ActionsIcons.swift in Sources */,
			);
			runOnlyForDeploymentPostprocessing = 0;
		};
/* End PBXSourcesBuildPhase section */

/* Begin XCBuildConfiguration section */
		061C41B72CC188E600917D55 /* Debug */ = {
			isa = XCBuildConfiguration;
			buildSettings = {
				ALWAYS_SEARCH_USER_PATHS = NO;
				ASSETCATALOG_COMPILER_GENERATE_SWIFT_ASSET_SYMBOL_EXTENSIONS = YES;
				CLANG_ANALYZER_NONNULL = YES;
				CLANG_ANALYZER_NUMBER_OBJECT_CONVERSION = YES_AGGRESSIVE;
				CLANG_CXX_LANGUAGE_STANDARD = "gnu++20";
				CLANG_ENABLE_MODULES = YES;
				CLANG_ENABLE_OBJC_ARC = YES;
				CLANG_ENABLE_OBJC_WEAK = YES;
				CLANG_WARN_BLOCK_CAPTURE_AUTORELEASING = YES;
				CLANG_WARN_BOOL_CONVERSION = YES;
				CLANG_WARN_COMMA = YES;
				CLANG_WARN_CONSTANT_CONVERSION = YES;
				CLANG_WARN_DEPRECATED_OBJC_IMPLEMENTATIONS = YES;
				CLANG_WARN_DIRECT_OBJC_ISA_USAGE = YES_ERROR;
				CLANG_WARN_DOCUMENTATION_COMMENTS = YES;
				CLANG_WARN_EMPTY_BODY = YES;
				CLANG_WARN_ENUM_CONVERSION = YES;
				CLANG_WARN_INFINITE_RECURSION = YES;
				CLANG_WARN_INT_CONVERSION = YES;
				CLANG_WARN_NON_LITERAL_NULL_CONVERSION = YES;
				CLANG_WARN_OBJC_IMPLICIT_RETAIN_SELF = YES;
				CLANG_WARN_OBJC_LITERAL_CONVERSION = YES;
				CLANG_WARN_OBJC_ROOT_CLASS = YES_ERROR;
				CLANG_WARN_QUOTED_INCLUDE_IN_FRAMEWORK_HEADER = YES;
				CLANG_WARN_RANGE_LOOP_ANALYSIS = YES;
				CLANG_WARN_STRICT_PROTOTYPES = YES;
				CLANG_WARN_SUSPICIOUS_MOVE = YES;
				CLANG_WARN_UNGUARDED_AVAILABILITY = YES_AGGRESSIVE;
				CLANG_WARN_UNREACHABLE_CODE = YES;
				CLANG_WARN__DUPLICATE_METHOD_MATCH = YES;
				COPY_PHASE_STRIP = NO;
				DEBUG_INFORMATION_FORMAT = dwarf;
				ENABLE_STRICT_OBJC_MSGSEND = YES;
				ENABLE_TESTABILITY = YES;
				ENABLE_USER_SCRIPT_SANDBOXING = YES;
				GCC_C_LANGUAGE_STANDARD = gnu17;
				GCC_DYNAMIC_NO_PIC = NO;
				GCC_NO_COMMON_BLOCKS = YES;
				GCC_OPTIMIZATION_LEVEL = 0;
				GCC_PREPROCESSOR_DEFINITIONS = (
					"DEBUG=1",
					"$(inherited)",
				);
				GCC_WARN_64_TO_32_BIT_CONVERSION = YES;
				GCC_WARN_ABOUT_RETURN_TYPE = YES_ERROR;
				GCC_WARN_UNDECLARED_SELECTOR = YES;
				GCC_WARN_UNINITIALIZED_AUTOS = YES_AGGRESSIVE;
				GCC_WARN_UNUSED_FUNCTION = YES;
				GCC_WARN_UNUSED_VARIABLE = YES;
				IPHONEOS_DEPLOYMENT_TARGET = 17.5;
				LOCALIZATION_PREFERS_STRING_CATALOGS = YES;
				MTL_ENABLE_DEBUG_INFO = INCLUDE_SOURCE;
				MTL_FAST_MATH = YES;
				ONLY_ACTIVE_ARCH = YES;
				SDKROOT = iphoneos;
				SWIFT_ACTIVE_COMPILATION_CONDITIONS = "DEBUG $(inherited)";
				SWIFT_OPTIMIZATION_LEVEL = "-Onone";
			};
			name = Debug;
		};
		061C41B82CC188E600917D55 /* Release */ = {
			isa = XCBuildConfiguration;
			buildSettings = {
				ALWAYS_SEARCH_USER_PATHS = NO;
				ASSETCATALOG_COMPILER_GENERATE_SWIFT_ASSET_SYMBOL_EXTENSIONS = YES;
				CLANG_ANALYZER_NONNULL = YES;
				CLANG_ANALYZER_NUMBER_OBJECT_CONVERSION = YES_AGGRESSIVE;
				CLANG_CXX_LANGUAGE_STANDARD = "gnu++20";
				CLANG_ENABLE_MODULES = YES;
				CLANG_ENABLE_OBJC_ARC = YES;
				CLANG_ENABLE_OBJC_WEAK = YES;
				CLANG_WARN_BLOCK_CAPTURE_AUTORELEASING = YES;
				CLANG_WARN_BOOL_CONVERSION = YES;
				CLANG_WARN_COMMA = YES;
				CLANG_WARN_CONSTANT_CONVERSION = YES;
				CLANG_WARN_DEPRECATED_OBJC_IMPLEMENTATIONS = YES;
				CLANG_WARN_DIRECT_OBJC_ISA_USAGE = YES_ERROR;
				CLANG_WARN_DOCUMENTATION_COMMENTS = YES;
				CLANG_WARN_EMPTY_BODY = YES;
				CLANG_WARN_ENUM_CONVERSION = YES;
				CLANG_WARN_INFINITE_RECURSION = YES;
				CLANG_WARN_INT_CONVERSION = YES;
				CLANG_WARN_NON_LITERAL_NULL_CONVERSION = YES;
				CLANG_WARN_OBJC_IMPLICIT_RETAIN_SELF = YES;
				CLANG_WARN_OBJC_LITERAL_CONVERSION = YES;
				CLANG_WARN_OBJC_ROOT_CLASS = YES_ERROR;
				CLANG_WARN_QUOTED_INCLUDE_IN_FRAMEWORK_HEADER = YES;
				CLANG_WARN_RANGE_LOOP_ANALYSIS = YES;
				CLANG_WARN_STRICT_PROTOTYPES = YES;
				CLANG_WARN_SUSPICIOUS_MOVE = YES;
				CLANG_WARN_UNGUARDED_AVAILABILITY = YES_AGGRESSIVE;
				CLANG_WARN_UNREACHABLE_CODE = YES;
				CLANG_WARN__DUPLICATE_METHOD_MATCH = YES;
				COPY_PHASE_STRIP = NO;
				DEBUG_INFORMATION_FORMAT = "dwarf-with-dsym";
				ENABLE_NS_ASSERTIONS = NO;
				ENABLE_STRICT_OBJC_MSGSEND = YES;
				ENABLE_USER_SCRIPT_SANDBOXING = YES;
				GCC_C_LANGUAGE_STANDARD = gnu17;
				GCC_NO_COMMON_BLOCKS = YES;
				GCC_WARN_64_TO_32_BIT_CONVERSION = YES;
				GCC_WARN_ABOUT_RETURN_TYPE = YES_ERROR;
				GCC_WARN_UNDECLARED_SELECTOR = YES;
				GCC_WARN_UNINITIALIZED_AUTOS = YES_AGGRESSIVE;
				GCC_WARN_UNUSED_FUNCTION = YES;
				GCC_WARN_UNUSED_VARIABLE = YES;
				IPHONEOS_DEPLOYMENT_TARGET = 17.5;
				LOCALIZATION_PREFERS_STRING_CATALOGS = YES;
				MTL_ENABLE_DEBUG_INFO = NO;
				MTL_FAST_MATH = YES;
				SDKROOT = iphoneos;
				SWIFT_COMPILATION_MODE = wholemodule;
				VALIDATE_PRODUCT = YES;
			};
			name = Release;
		};
		061C41BA2CC188E600917D55 /* Debug */ = {
			isa = XCBuildConfiguration;
			buildSettings = {
				ASSETCATALOG_COMPILER_APPICON_NAME = AppIcon;
				ASSETCATALOG_COMPILER_GLOBAL_ACCENT_COLOR_NAME = AccentColor;
				CODE_SIGN_STYLE = Automatic;
				CURRENT_PROJECT_VERSION = 1;
				DEVELOPMENT_ASSET_PATHS = "\"InstagranClone/Preview Content\"";
				DEVELOPMENT_TEAM = R8RFB244C2;
				ENABLE_PREVIEWS = YES;
				GENERATE_INFOPLIST_FILE = YES;
				INFOPLIST_KEY_UIApplicationSceneManifest_Generation = YES;
				INFOPLIST_KEY_UIApplicationSupportsIndirectInputEvents = YES;
				INFOPLIST_KEY_UILaunchScreen_Generation = YES;
				INFOPLIST_KEY_UISupportedInterfaceOrientations_iPad = "UIInterfaceOrientationPortrait UIInterfaceOrientationPortraitUpsideDown UIInterfaceOrientationLandscapeLeft UIInterfaceOrientationLandscapeRight";
				INFOPLIST_KEY_UISupportedInterfaceOrientations_iPhone = "UIInterfaceOrientationPortrait UIInterfaceOrientationLandscapeLeft UIInterfaceOrientationLandscapeRight";
				LD_RUNPATH_SEARCH_PATHS = (
					"$(inherited)",
					"@executable_path/Frameworks",
				);
				MARKETING_VERSION = 1.0;
				PRODUCT_BUNDLE_IDENTIFIER = com.fabianzarate.InstagranClone;
				PRODUCT_NAME = "$(TARGET_NAME)";
				SWIFT_EMIT_LOC_STRINGS = YES;
				SWIFT_VERSION = 5.0;
				TARGETED_DEVICE_FAMILY = "1,2";
			};
			name = Debug;
		};
		061C41BB2CC188E600917D55 /* Release */ = {
			isa = XCBuildConfiguration;
			buildSettings = {
				ASSETCATALOG_COMPILER_APPICON_NAME = AppIcon;
				ASSETCATALOG_COMPILER_GLOBAL_ACCENT_COLOR_NAME = AccentColor;
				CODE_SIGN_STYLE = Automatic;
				CURRENT_PROJECT_VERSION = 1;
				DEVELOPMENT_ASSET_PATHS = "\"InstagranClone/Preview Content\"";
				DEVELOPMENT_TEAM = R8RFB244C2;
				ENABLE_PREVIEWS = YES;
				GENERATE_INFOPLIST_FILE = YES;
				INFOPLIST_KEY_UIApplicationSceneManifest_Generation = YES;
				INFOPLIST_KEY_UIApplicationSupportsIndirectInputEvents = YES;
				INFOPLIST_KEY_UILaunchScreen_Generation = YES;
				INFOPLIST_KEY_UISupportedInterfaceOrientations_iPad = "UIInterfaceOrientationPortrait UIInterfaceOrientationPortraitUpsideDown UIInterfaceOrientationLandscapeLeft UIInterfaceOrientationLandscapeRight";
				INFOPLIST_KEY_UISupportedInterfaceOrientations_iPhone = "UIInterfaceOrientationPortrait UIInterfaceOrientationLandscapeLeft UIInterfaceOrientationLandscapeRight";
				LD_RUNPATH_SEARCH_PATHS = (
					"$(inherited)",
					"@executable_path/Frameworks",
				);
				MARKETING_VERSION = 1.0;
				PRODUCT_BUNDLE_IDENTIFIER = com.fabianzarate.InstagranClone;
				PRODUCT_NAME = "$(TARGET_NAME)";
				SWIFT_EMIT_LOC_STRINGS = YES;
				SWIFT_VERSION = 5.0;
				TARGETED_DEVICE_FAMILY = "1,2";
			};
			name = Release;
		};
/* End XCBuildConfiguration section */

/* Begin XCConfigurationList section */
		061C41A62CC188E400917D55 /* Build configuration list for PBXProject "InstagranClone" */ = {
			isa = XCConfigurationList;
			buildConfigurations = (
				061C41B72CC188E600917D55 /* Debug */,
				061C41B82CC188E600917D55 /* Release */,
			);
			defaultConfigurationIsVisible = 0;
			defaultConfigurationName = Release;
		};
		061C41B92CC188E600917D55 /* Build configuration list for PBXNativeTarget "InstagranClone" */ = {
			isa = XCConfigurationList;
			buildConfigurations = (
				061C41BA2CC188E600917D55 /* Debug */,
				061C41BB2CC188E600917D55 /* Release */,
			);
			defaultConfigurationIsVisible = 0;
			defaultConfigurationName = Release;
		};
/* End XCConfigurationList section */
	};
	rootObject = 061C41A32CC188E400917D55 /* Project object */;
}
